
Microsoft Visual Studio Solution File, Format Version 12.00
# Visual Studio Version 17
VisualStudioVersion = 17.8.34330.188
MinimumVisualStudioVersion = 10.0.40219.1
Project("{FAE04EC0-301F-11D3-BF4B-00C04F79EFBC}") = "projetinho", "projetinho\projetinho.csproj", "{EBC5AC47-0353-4BD2-821E-9E6AC29E915C}"
EndProject
Global
	GlobalSection(SolutionConfigurationPlatforms) = preSolution
		Debug|Any CPU = Debug|Any CPU
		Release|Any CPU = Release|Any CPU
	EndGlobalSection
	GlobalSection(ProjectConfigurationPlatforms) = postSolution
		{EBC5AC47-0353-4BD2-821E-9E6AC29E915C}.Debug|Any CPU.ActiveCfg = Debug|Any CPU
		{EBC5AC47-0353-4BD2-821E-9E6AC29E915C}.Debug|Any CPU.Build.0 = Debug|Any CPU
		{EBC5AC47-0353-4BD2-821E-9E6AC29E915C}.Debug|Any CPU.Deploy.0 = Debug|Any CPU
		{EBC5AC47-0353-4BD2-821E-9E6AC29E915C}.Release|Any CPU.ActiveCfg = Release|Any CPU
		{EBC5AC47-0353-4BD2-821E-9E6AC29E915C}.Release|Any CPU.Build.0 = Release|Any CPU
		{EBC5AC47-0353-4BD2-821E-9E6AC29E915C}.Release|Any CPU.Deploy.0 = Release|Any CPU
	EndGlobalSection
	GlobalSection(SolutionProperties) = preSolution
		HideSolutionNode = FALSE
	EndGlobalSection
	GlobalSection(ExtensibilityGlobals) = postSolution
		SolutionGuid = {6D63B007-7FD9-4797-B80E-BA95A8CFE527}
	EndGlobalSection
EndGlobal
